
Microsoft Visual Studio Solution File, Format Version 12.00
# Visual Studio Version 16
VisualStudioVersion = 16.0.29519.181
MinimumVisualStudioVersion = 10.0.40219.1
Project("{9A19103F-16F7-4668-BE54-9A1E7A4F7556}") = "Axetay.Provision", "Axetay.Provision\Axetay.Provision.csproj", "{97B909FB-2767-43E5-AA0A-4B5F4F552F13}"
EndProject
Project("{FAE04EC0-301F-11D3-BF4B-00C04F79EFBC}") = "Axetay.Iot.Tests", "Axetay.Iot.Tests\Axetay.Iot.Tests.csproj", "{2F65D1CA-4D1A-485A-B088-3150725CC219}"
EndProject
Global
	GlobalSection(SolutionConfigurationPlatforms) = preSolution
		Debug|Any CPU = Debug|Any CPU
		Release|Any CPU = Release|Any CPU
	EndGlobalSection
	GlobalSection(ProjectConfigurationPlatforms) = postSolution
		{97B909FB-2767-43E5-AA0A-4B5F4F552F13}.Debug|Any CPU.ActiveCfg = Debug|Any CPU
		{97B909FB-2767-43E5-AA0A-4B5F4F552F13}.Debug|Any CPU.Build.0 = Debug|Any CPU
		{97B909FB-2767-43E5-AA0A-4B5F4F552F13}.Release|Any CPU.ActiveCfg = Release|Any CPU
		{97B909FB-2767-43E5-AA0A-4B5F4F552F13}.Release|Any CPU.Build.0 = Release|Any CPU
		{2F65D1CA-4D1A-485A-B088-3150725CC219}.Debug|Any CPU.ActiveCfg = Debug|Any CPU
		{2F65D1CA-4D1A-485A-B088-3150725CC219}.Debug|Any CPU.Build.0 = Debug|Any CPU
		{2F65D1CA-4D1A-485A-B088-3150725CC219}.Release|Any CPU.ActiveCfg = Release|Any CPU
		{2F65D1CA-4D1A-485A-B088-3150725CC219}.Release|Any CPU.Build.0 = Release|Any CPU
	EndGlobalSection
	GlobalSection(SolutionProperties) = preSolution
		HideSolutionNode = FALSE
	EndGlobalSection
	GlobalSection(ExtensibilityGlobals) = postSolution
		SolutionGuid = {85CE4207-3810-44C5-8D04-61CCD23B35AA}
	EndGlobalSection
EndGlobal
